// !$*UTF8*$!
{
	archiveVersion = 1;
	classes = {
	};
	objectVersion = 56;
	objects = {

/* Begin PBXBuildFile section */
		100000000000000000000101 /* HHCServerManagerApp.swift in Sources */ = {isa = PBXBuildFile; fileRef = 100000000000000000000001 /* HHCServerManagerApp.swift */; };
		100000000000000000000102 /* AppState.swift in Sources */ = {isa = PBXBuildFile; fileRef = 100000000000000000000002 /* AppState.swift */; };
		100000000000000000000103 /* ServerProfile.swift in Sources */ = {isa = PBXBuildFile; fileRef = 100000000000000000000003 /* ServerProfile.swift */; };
		100000000000000000000104 /* AppDatabase.swift in Sources */ = {isa = PBXBuildFile; fileRef = 100000000000000000000004 /* AppDatabase.swift */; };
		100000000000000000000105 /* ServerRepository.swift in Sources */ = {isa = PBXBuildFile; fileRef = 100000000000000000000005 /* ServerRepository.swift */; };
		100000000000000000000106 /* KeychainService.swift in Sources */ = {isa = PBXBuildFile; fileRef = 100000000000000000000006 /* KeychainService.swift */; };
		100000000000000000000107 /* ServerManagementService.swift in Sources */ = {isa = PBXBuildFile; fileRef = 100000000000000000000007 /* ServerManagementService.swift */; };
		100000000000000000000108 /* OpenSSHClient.swift in Sources */ = {isa = PBXBuildFile; fileRef = 100000000000000000000008 /* OpenSSHClient.swift */; };
		100000000000000000000109 /* AddServerViewModel.swift in Sources */ = {isa = PBXBuildFile; fileRef = 100000000000000000000009 /* AddServerViewModel.swift */; };
		100000000000000000000110 /* ServerBrowserViewModel.swift in Sources */ = {isa = PBXBuildFile; fileRef = 100000000000000000000010 /* ServerBrowserViewModel.swift */; };
		100000000000000000000111 /* ServerWorkspaceViewModel.swift in Sources */ = {isa = PBXBuildFile; fileRef = 100000000000000000000011 /* ServerWorkspaceViewModel.swift */; };
		100000000000000000000112 /* ContentView.swift in Sources */ = {isa = PBXBuildFile; fileRef = 100000000000000000000012 /* ContentView.swift */; };
		100000000000000000000113 /* ServerBrowserView.swift in Sources */ = {isa = PBXBuildFile; fileRef = 100000000000000000000013 /* ServerBrowserView.swift */; };
		100000000000000000000114 /* AddServerSheet.swift in Sources */ = {isa = PBXBuildFile; fileRef = 100000000000000000000014 /* AddServerSheet.swift */; };
		100000000000000000000115 /* ServerWorkspaceView.swift in Sources */ = {isa = PBXBuildFile; fileRef = 100000000000000000000015 /* ServerWorkspaceView.swift */; };
/* End PBXBuildFile section */

/* Begin PBXFileReference section */
		100000000000000000000001 /* HHCServerManagerApp.swift */ = {isa = PBXFileReference; lastKnownFileType = sourcecode.swift; path = HHCServerManagerApp.swift; sourceTree = "<group>"; };
		100000000000000000000002 /* AppState.swift */ = {isa = PBXFileReference; lastKnownFileType = sourcecode.swift; path = AppState.swift; sourceTree = "<group>"; };
		100000000000000000000003 /* ServerProfile.swift */ = {isa = PBXFileReference; lastKnownFileType = sourcecode.swift; path = ServerProfile.swift; sourceTree = "<group>"; };
		100000000000000000000004 /* AppDatabase.swift */ = {isa = PBXFileReference; lastKnownFileType = sourcecode.swift; path = AppDatabase.swift; sourceTree = "<group>"; };
		100000000000000000000005 /* ServerRepository.swift */ = {isa = PBXFileReference; lastKnownFileType = sourcecode.swift; path = ServerRepository.swift; sourceTree = "<group>"; };
		100000000000000000000006 /* KeychainService.swift */ = {isa = PBXFileReference; lastKnownFileType = sourcecode.swift; path = KeychainService.swift; sourceTree = "<group>"; };
		100000000000000000000007 /* ServerManagementService.swift */ = {isa = PBXFileReference; lastKnownFileType = sourcecode.swift; path = ServerManagementService.swift; sourceTree = "<group>"; };
		100000000000000000000008 /* OpenSSHClient.swift */ = {isa = PBXFileReference; lastKnownFileType = sourcecode.swift; path = OpenSSHClient.swift; sourceTree = "<group>"; };
		100000000000000000000009 /* AddServerViewModel.swift */ = {isa = PBXFileReference; lastKnownFileType = sourcecode.swift; path = AddServerViewModel.swift; sourceTree = "<group>"; };
		100000000000000000000010 /* ServerBrowserViewModel.swift */ = {isa = PBXFileReference; lastKnownFileType = sourcecode.swift; path = ServerBrowserViewModel.swift; sourceTree = "<group>"; };
		100000000000000000000011 /* ServerWorkspaceViewModel.swift */ = {isa = PBXFileReference; lastKnownFileType = sourcecode.swift; path = ServerWorkspaceViewModel.swift; sourceTree = "<group>"; };
		100000000000000000000012 /* ContentView.swift */ = {isa = PBXFileReference; lastKnownFileType = sourcecode.swift; path = ContentView.swift; sourceTree = "<group>"; };
		100000000000000000000013 /* ServerBrowserView.swift */ = {isa = PBXFileReference; lastKnownFileType = sourcecode.swift; path = ServerBrowserView.swift; sourceTree = "<group>"; };
		100000000000000000000014 /* AddServerSheet.swift */ = {isa = PBXFileReference; lastKnownFileType = sourcecode.swift; path = AddServerSheet.swift; sourceTree = "<group>"; };
		100000000000000000000015 /* ServerWorkspaceView.swift */ = {isa = PBXFileReference; lastKnownFileType = sourcecode.swift; path = ServerWorkspaceView.swift; sourceTree = "<group>"; };
		100000000000000000000016 /* Info.plist */ = {isa = PBXFileReference; lastKnownFileType = text.plist.xml; path = Info.plist; sourceTree = "<group>"; };
		100000000000000000000017 /* HHCServerManager.entitlements */ = {isa = PBXFileReference; lastKnownFileType = text.plist.entitlements; path = HHCServerManager.entitlements; sourceTree = "<group>"; };
		100000000000000000000018 /* HHCServerManager.app */ = {isa = PBXFileReference; explicitFileType = wrapper.application; includeInIndex = 0; path = HHCServerManager.app; sourceTree = BUILT_PRODUCTS_DIR; };
/* End PBXFileReference section */

/* Begin PBXFrameworksBuildPhase section */
		100000000000000000000201 /* Frameworks */ = {
			isa = PBXFrameworksBuildPhase;
			buildActionMask = 2147483647;
			files = (
			);
			runOnlyForDeploymentPostprocessing = 0;
		};
/* End PBXFrameworksBuildPhase section */

/* Begin PBXGroup section */
		100000000000000000000301 = {
			isa = PBXGroup;
			children = (
				100000000000000000000302 /* HHCServerManager */,
				100000000000000000000303 /* Products */,
			);
			sourceTree = "<group>";
		};
		100000000000000000000302 /* HHCServerManager */ = {
			isa = PBXGroup;
			children = (
				100000000000000000000304 /* App */,
				100000000000000000000305 /* Models */,
				100000000000000000000306 /* Services */,
				100000000000000000000307 /* ViewModels */,
				100000000000000000000308 /* Views */,
				100000000000000000000309 /* Resources */,
			);
			path = HHCServerManager;
			sourceTree = "<group>";
		};
		100000000000000000000303 /* Products */ = {
			isa = PBXGroup;
			children = (
				100000000000000000000018 /* HHCServerManager.app */,
			);
			name = Products;
			sourceTree = "<group>";
		};
		100000000000000000000304 /* App */ = {
			isa = PBXGroup;
			children = (
				100000000000000000000001 /* HHCServerManagerApp.swift */,
				100000000000000000000002 /* AppState.swift */,
			);
			path = App;
			sourceTree = "<group>";
		};
		100000000000000000000305 /* Models */ = {
			isa = PBXGroup;
			children = (
				100000000000000000000003 /* ServerProfile.swift */,
			);
			path = Models;
			sourceTree = "<group>";
		};
		100000000000000000000306 /* Services */ = {
			isa = PBXGroup;
			children = (
				100000000000000000000310 /* Storage */,
				100000000000000000000311 /* SSH */,
				100000000000000000000007 /* ServerManagementService.swift */,
			);
			path = Services;
			sourceTree = "<group>";
		};
		100000000000000000000307 /* ViewModels */ = {
			isa = PBXGroup;
			children = (
				100000000000000000000009 /* AddServerViewModel.swift */,
				100000000000000000000010 /* ServerBrowserViewModel.swift */,
				100000000000000000000011 /* ServerWorkspaceViewModel.swift */,
			);
			path = ViewModels;
			sourceTree = "<group>";
		};
		100000000000000000000308 /* Views */ = {
			isa = PBXGroup;
			children = (
				100000000000000000000012 /* ContentView.swift */,
				100000000000000000000312 /* ServerBrowser */,
				100000000000000000000313 /* ServerWorkspace */,
				100000000000000000000314 /* Sheets */,
			);
			path = Views;
			sourceTree = "<group>";
		};
		100000000000000000000309 /* Resources */ = {
			isa = PBXGroup;
			children = (
				100000000000000000000016 /* Info.plist */,
				100000000000000000000017 /* HHCServerManager.entitlements */,
			);
			path = Resources;
			sourceTree = "<group>";
		};
		100000000000000000000310 /* Storage */ = {
			isa = PBXGroup;
			children = (
				100000000000000000000004 /* AppDatabase.swift */,
				100000000000000000000005 /* ServerRepository.swift */,
				100000000000000000000006 /* KeychainService.swift */,
			);
			path = Storage;
			sourceTree = "<group>";
		};
		100000000000000000000311 /* SSH */ = {
			isa = PBXGroup;
			children = (
				100000000000000000000008 /* OpenSSHClient.swift */,
			);
			path = SSH;
			sourceTree = "<group>";
		};
		100000000000000000000312 /* ServerBrowser */ = {
			isa = PBXGroup;
			children = (
				100000000000000000000013 /* ServerBrowserView.swift */,
			);
			path = ServerBrowser;
			sourceTree = "<group>";
		};
		100000000000000000000313 /* ServerWorkspace */ = {
			isa = PBXGroup;
			children = (
				100000000000000000000015 /* ServerWorkspaceView.swift */,
			);
			path = ServerWorkspace;
			sourceTree = "<group>";
		};
		100000000000000000000314 /* Sheets */ = {
			isa = PBXGroup;
			children = (
				100000000000000000000014 /* AddServerSheet.swift */,
			);
			path = Sheets;
			sourceTree = "<group>";
		};
/* End PBXGroup section */

/* Begin PBXNativeTarget section */
		100000000000000000000401 /* HHCServerManager */ = {
			isa = PBXNativeTarget;
			buildConfigurationList = 100000000000000000000701 /* Build configuration list for PBXNativeTarget "HHCServerManager" */;
			buildPhases = (
				100000000000000000000501 /* Sources */,
				100000000000000000000201 /* Frameworks */,
				100000000000000000000502 /* Resources */,
			);
			buildRules = (
			);
			dependencies = (
			);
			name = HHCServerManager;
			productName = HHCServerManager;
			productReference = 100000000000000000000018 /* HHCServerManager.app */;
			productType = "com.apple.product-type.application";
		};
/* End PBXNativeTarget section */

/* Begin PBXProject section */
		100000000000000000000601 /* Project object */ = {
			isa = PBXProject;
			attributes = {
				BuildIndependentTargetsInParallel = 1;
				LastSwiftUpdateCheck = 2650;
				LastUpgradeCheck = 2650;
				TargetAttributes = {
					100000000000000000000401 = {
						CreatedOnToolsVersion = 26.5;
					};
				};
			};
			buildConfigurationList = 100000000000000000000702 /* Build configuration list for PBXProject "HHCServerManager" */;
			compatibilityVersion = "Xcode 14.0";
			developmentRegion = en;
			hasScannedForEncodings = 0;
			knownRegions = (
				en,
				Base,
			);
			mainGroup = 100000000000000000000301;
			productRefGroup = 100000000000000000000303 /* Products */;
			projectDirPath = "";
			projectRoot = "";
			targets = (
				100000000000000000000401 /* HHCServerManager */,
			);
		};
/* End PBXProject section */

/* Begin PBXResourcesBuildPhase section */
		100000000000000000000502 /* Resources */ = {
			isa = PBXResourcesBuildPhase;
			buildActionMask = 2147483647;
			files = (
			);
			runOnlyForDeploymentPostprocessing = 0;
		};
/* End PBXResourcesBuildPhase section */

/* Begin PBXSourcesBuildPhase section */
		100000000000000000000501 /* Sources */ = {
			isa = PBXSourcesBuildPhase;
			buildActionMask = 2147483647;
			files = (
				100000000000000000000101 /* HHCServerManagerApp.swift in Sources */,
				100000000000000000000102 /* AppState.swift in Sources */,
				100000000000000000000103 /* ServerProfile.swift in Sources */,
				100000000000000000000104 /* AppDatabase.swift in Sources */,
				100000000000000000000105 /* ServerRepository.swift in Sources */,
				100000000000000000000106 /* KeychainService.swift in Sources */,
				100000000000000000000107 /* ServerManagementService.swift in Sources */,
				100000000000000000000108 /* OpenSSHClient.swift in Sources */,
				100000000000000000000109 /* AddServerViewModel.swift in Sources */,
				100000000000000000000110 /* ServerBrowserViewModel.swift in Sources */,
				100000000000000000000111 /* ServerWorkspaceViewModel.swift in Sources */,
				100000000000000000000112 /* ContentView.swift in Sources */,
				100000000000000000000113 /* ServerBrowserView.swift in Sources */,
				100000000000000000000114 /* AddServerSheet.swift in Sources */,
				100000000000000000000115 /* ServerWorkspaceView.swift in Sources */,
			);
			runOnlyForDeploymentPostprocessing = 0;
		};
/* End PBXSourcesBuildPhase section */

/* Begin XCBuildConfiguration section */
		100000000000000000000801 /* Debug */ = {
			isa = XCBuildConfiguration;
			buildSettings = {
				ALWAYS_SEARCH_USER_PATHS = NO;
				CLANG_ANALYZER_NONNULL = YES;
				CLANG_ANALYZER_NUMBER_OBJECT_CONVERSION = YES_AGGRESSIVE;
				CLANG_CXX_LANGUAGE_STANDARD = "gnu++20";
				CLANG_ENABLE_MODULES = YES;
				CLANG_ENABLE_OBJC_ARC = YES;
				CLANG_ENABLE_OBJC_WEAK = YES;
				CLANG_WARN_BLOCK_CAPTURE_AUTORELEASING = YES;
				CLANG_WARN_BOOL_CONVERSION = YES;
				CLANG_WARN_COMMA = YES;
				CLANG_WARN_CONSTANT_CONVERSION = YES;
				CLANG_WARN_DEPRECATED_OBJC_IMPLEMENTATIONS = YES;
				CLANG_WARN_DIRECT_OBJC_ISA_USAGE = YES_ERROR;
				CLANG_WARN_DOCUMENTATION_COMMENTS = YES;
				CLANG_WARN_EMPTY_BODY = YES;
				CLANG_WARN_ENUM_CONVERSION = YES;
				CLANG_WARN_INFINITE_RECURSION = YES;
				CLANG_WARN_INT_CONVERSION = YES;
				CLANG_WARN_NON_LITERAL_NULL_CONVERSION = YES;
				CLANG_WARN_OBJC_IMPLICIT_RETAIN_SELF = YES;
				CLANG_WARN_OBJC_LITERAL_CONVERSION = YES;
				CLANG_WARN_OBJC_ROOT_CLASS = YES_ERROR;
				CLANG_WARN_QUOTED_INCLUDE_IN_FRAMEWORK_HEADER = YES;
				CLANG_WARN_RANGE_LOOP_ANALYSIS = YES;
				CLANG_WARN_STRICT_PROTOTYPES = YES;
				CLANG_WARN_SUSPICIOUS_MOVE = YES;
				CLANG_WARN_UNGUARDED_AVAILABILITY = YES_AGGRESSIVE;
				CLANG_WARN_UNREACHABLE_CODE = YES;
				COPY_PHASE_STRIP = NO;
				DEBUG_INFORMATION_FORMAT = dwarf;
				ENABLE_STRICT_OBJC_MSGSEND = YES;
				ENABLE_TESTABILITY = YES;
				ENABLE_USER_SCRIPT_SANDBOXING = YES;
				GCC_C_LANGUAGE_STANDARD = gnu17;
				GCC_DYNAMIC_NO_PIC = NO;
				GCC_NO_COMMON_BLOCKS = YES;
				GCC_OPTIMIZATION_LEVEL = 0;
				GCC_PREPROCESSOR_DEFINITIONS = (
					"DEBUG=1",
					"$(inherited)",
				);
				GCC_WARN_64_TO_32_BIT_CONVERSION = YES;
				GCC_WARN_ABOUT_RETURN_TYPE = YES_ERROR;
				GCC_WARN_UNDECLARED_SELECTOR = YES;
				GCC_WARN_UNINITIALIZED_AUTOS = YES_AGGRESSIVE;
				GCC_WARN_UNUSED_FUNCTION = YES;
				GCC_WARN_UNUSED_VARIABLE = YES;
				MACOSX_DEPLOYMENT_TARGET = 14.0;
				MTL_ENABLE_DEBUG_INFO = INCLUDE_SOURCE;
				MTL_FAST_MATH = YES;
				ONLY_ACTIVE_ARCH = YES;
				SDKROOT = macosx;
				SWIFT_ACTIVE_COMPILATION_CONDITIONS = DEBUG;
				SWIFT_OPTIMIZATION_LEVEL = "-Onone";
			};
			name = Debug;
		};
		100000000000000000000802 /* Release */ = {
			isa = XCBuildConfiguration;
			buildSettings = {
				ALWAYS_SEARCH_USER_PATHS = NO;
				CLANG_ANALYZER_NONNULL = YES;
				CLANG_ANALYZER_NUMBER_OBJECT_CONVERSION = YES_AGGRESSIVE;
				CLANG_CXX_LANGUAGE_STANDARD = "gnu++20";
				CLANG_ENABLE_MODULES = YES;
				CLANG_ENABLE_OBJC_ARC = YES;
				CLANG_ENABLE_OBJC_WEAK = YES;
				CLANG_WARN_BLOCK_CAPTURE_AUTORELEASING = YES;
				CLANG_WARN_BOOL_CONVERSION = YES;
				CLANG_WARN_COMMA = YES;
				CLANG_WARN_CONSTANT_CONVERSION = YES;
				CLANG_WARN_DEPRECATED_OBJC_IMPLEMENTATIONS = YES;
				CLANG_WARN_DIRECT_OBJC_ISA_USAGE = YES_ERROR;
				CLANG_WARN_DOCUMENTATION_COMMENTS = YES;
				CLANG_WARN_EMPTY_BODY = YES;
				CLANG_WARN_ENUM_CONVERSION = YES;
				CLANG_WARN_INFINITE_RECURSION = YES;
				CLANG_WARN_INT_CONVERSION = YES;
				CLANG_WARN_NON_LITERAL_NULL_CONVERSION = YES;
				CLANG_WARN_OBJC_IMPLICIT_RETAIN_SELF = YES;
				CLANG_WARN_OBJC_LITERAL_CONVERSION = YES;
				CLANG_WARN_OBJC_ROOT_CLASS = YES_ERROR;
				CLANG_WARN_QUOTED_INCLUDE_IN_FRAMEWORK_HEADER = YES;
				CLANG_WARN_RANGE_LOOP_ANALYSIS = YES;
				CLANG_WARN_STRICT_PROTOTYPES = YES;
				CLANG_WARN_SUSPICIOUS_MOVE = YES;
				CLANG_WARN_UNGUARDED_AVAILABILITY = YES_AGGRESSIVE;
				CLANG_WARN_UNREACHABLE_CODE = YES;
				COPY_PHASE_STRIP = NO;
				DEBUG_INFORMATION_FORMAT = "dwarf-with-dsym";
				ENABLE_NS_ASSERTIONS = NO;
				ENABLE_STRICT_OBJC_MSGSEND = YES;
				ENABLE_USER_SCRIPT_SANDBOXING = YES;
				GCC_C_LANGUAGE_STANDARD = gnu17;
				GCC_NO_COMMON_BLOCKS = YES;
				GCC_WARN_64_TO_32_BIT_CONVERSION = YES;
				GCC_WARN_ABOUT_RETURN_TYPE = YES_ERROR;
				GCC_WARN_UNDECLARED_SELECTOR = YES;
				GCC_WARN_UNINITIALIZED_AUTOS = YES_AGGRESSIVE;
				GCC_WARN_UNUSED_FUNCTION = YES;
				GCC_WARN_UNUSED_VARIABLE = YES;
				MACOSX_DEPLOYMENT_TARGET = 14.0;
				MTL_ENABLE_DEBUG_INFO = NO;
				MTL_FAST_MATH = YES;
				SDKROOT = macosx;
				SWIFT_COMPILATION_MODE = wholemodule;
				SWIFT_OPTIMIZATION_LEVEL = "-O";
			};
			name = Release;
		};
		100000000000000000000803 /* Debug */ = {
			isa = XCBuildConfiguration;
			buildSettings = {
				ASSETCATALOG_COMPILER_APPICON_NAME = AppIcon;
				CODE_SIGN_ENTITLEMENTS = HHCServerManager/Resources/HHCServerManager.entitlements;
				CODE_SIGN_STYLE = Automatic;
				COMBINE_HIDPI_IMAGES = YES;
				CURRENT_PROJECT_VERSION = 1;
				DEVELOPMENT_TEAM = "";
				ENABLE_PREVIEWS = YES;
				GENERATE_INFOPLIST_FILE = NO;
				INFOPLIST_FILE = HHCServerManager/Resources/Info.plist;
				LD_RUNPATH_SEARCH_PATHS = (
					"$(inherited)",
					"@executable_path/../Frameworks",
				);
				MACOSX_DEPLOYMENT_TARGET = 14.0;
				MARKETING_VERSION = 0.1.0;
				OTHER_LDFLAGS = (
					"$(inherited)",
					"-lsqlite3",
				);
				PRODUCT_BUNDLE_IDENTIFIER = me.hhc.HHCServerManager;
				PRODUCT_NAME = "$(TARGET_NAME)";
				SDKROOT = macosx;
				SWIFT_EMIT_LOC_STRINGS = YES;
				SWIFT_VERSION = 6.0;
			};
			name = Debug;
		};
		100000000000000000000804 /* Release */ = {
			isa = XCBuildConfiguration;
			buildSettings = {
				ASSETCATALOG_COMPILER_APPICON_NAME = AppIcon;
				CODE_SIGN_ENTITLEMENTS = HHCServerManager/Resources/HHCServerManager.entitlements;
				CODE_SIGN_STYLE = Automatic;
				COMBINE_HIDPI_IMAGES = YES;
				CURRENT_PROJECT_VERSION = 1;
				DEVELOPMENT_TEAM = "";
				ENABLE_PREVIEWS = YES;
				GENERATE_INFOPLIST_FILE = NO;
				INFOPLIST_FILE = HHCServerManager/Resources/Info.plist;
				LD_RUNPATH_SEARCH_PATHS = (
					"$(inherited)",
					"@executable_path/../Frameworks",
				);
				MACOSX_DEPLOYMENT_TARGET = 14.0;
				MARKETING_VERSION = 0.1.0;
				OTHER_LDFLAGS = (
					"$(inherited)",
					"-lsqlite3",
				);
				PRODUCT_BUNDLE_IDENTIFIER = me.hhc.HHCServerManager;
				PRODUCT_NAME = "$(TARGET_NAME)";
				SDKROOT = macosx;
				SWIFT_EMIT_LOC_STRINGS = YES;
				SWIFT_VERSION = 6.0;
			};
			name = Release;
		};
/* End XCBuildConfiguration section */

/* Begin XCConfigurationList section */
		100000000000000000000701 /* Build configuration list for PBXNativeTarget "HHCServerManager" */ = {
			isa = XCConfigurationList;
			buildConfigurations = (
				100000000000000000000803 /* Debug */,
				100000000000000000000804 /* Release */,
			);
			defaultConfigurationIsVisible = 0;
			defaultConfigurationName = Release;
		};
		100000000000000000000702 /* Build configuration list for PBXProject "HHCServerManager" */ = {
			isa = XCConfigurationList;
			buildConfigurations = (
				100000000000000000000801 /* Debug */,
				100000000000000000000802 /* Release */,
			);
			defaultConfigurationIsVisible = 0;
			defaultConfigurationName = Release;
		};
/* End XCConfigurationList section */
	};
	rootObject = 100000000000000000000601 /* Project object */;
}
